
Microsoft Visual Studio Solution File, Format Version 12.00
# Visual Studio 15
VisualStudioVersion = 15.0.28307.902
MinimumVisualStudioVersion = 10.0.40219.1
Project("{9A19103F-16F7-4668-BE54-9A1E7A4F7556}") = "WebPref.Core", "WebPref.Core\WebPref.Core.csproj", "{183FFDAA-C5B9-4D3D-BF78-8147D182A557}"
EndProject
Project("{FAE04EC0-301F-11D3-BF4B-00C04F79EFBC}") = "WebPref.Tests", "WebPref.Tests\WebPref.Tests.csproj", "{2B430BAF-944B-48B7-B667-A55E7750873C}"
EndProject
Global
	GlobalSection(SolutionConfigurationPlatforms) = preSolution
		Debug|Any CPU = Debug|Any CPU
		Release|Any CPU = Release|Any CPU
	EndGlobalSection
	GlobalSection(ProjectConfigurationPlatforms) = postSolution
		{183FFDAA-C5B9-4D3D-BF78-8147D182A557}.Debug|Any CPU.ActiveCfg = Debug|Any CPU
		{183FFDAA-C5B9-4D3D-BF78-8147D182A557}.Debug|Any CPU.Build.0 = Debug|Any CPU
		{183FFDAA-C5B9-4D3D-BF78-8147D182A557}.Release|Any CPU.ActiveCfg = Release|Any CPU
		{183FFDAA-C5B9-4D3D-BF78-8147D182A557}.Release|Any CPU.Build.0 = Release|Any CPU
		{2B430BAF-944B-48B7-B667-A55E7750873C}.Debug|Any CPU.ActiveCfg = Debug|Any CPU
		{2B430BAF-944B-48B7-B667-A55E7750873C}.Debug|Any CPU.Build.0 = Debug|Any CPU
		{2B430BAF-944B-48B7-B667-A55E7750873C}.Release|Any CPU.ActiveCfg = Release|Any CPU
		{2B430BAF-944B-48B7-B667-A55E7750873C}.Release|Any CPU.Build.0 = Release|Any CPU
	EndGlobalSection
	GlobalSection(SolutionProperties) = preSolution
		HideSolutionNode = FALSE
	EndGlobalSection
	GlobalSection(ExtensibilityGlobals) = postSolution
		SolutionGuid = {EB8CA525-3B99-40B1-ACF0-460A1FD81324}
	EndGlobalSection
EndGlobal
